// !$*UTF8*$!
{
	archiveVersion = 1;
	classes = {
	};
	objectVersion = 50;
	objects = {

/* Begin PBXBuildFile section */
		04DDF2C223F3D5EB00D2E0EC /* AppDelegate.swift in Sources */ = {isa = PBXBuildFile; fileRef = 04DDF2C123F3D5EB00D2E0EC /* AppDelegate.swift */; };
		04DDF2C423F3D5EB00D2E0EC /* SceneDelegate.swift in Sources */ = {isa = PBXBuildFile; fileRef = 04DDF2C323F3D5EB00D2E0EC /* SceneDelegate.swift */; };
		04DDF2C623F3D5EB00D2E0EC /* ContentView.swift in Sources */ = {isa = PBXBuildFile; fileRef = 04DDF2C523F3D5EB00D2E0EC /* ContentView.swift */; };
		04DDF2C823F3D5ED00D2E0EC /* Assets.xcassets in Resources */ = {isa = PBXBuildFile; fileRef = 04DDF2C723F3D5ED00D2E0EC /* Assets.xcassets */; };
		04DDF2CB23F3D5ED00D2E0EC /* Preview Assets.xcassets in Resources */ = {isa = PBXBuildFile; fileRef = 04DDF2CA23F3D5ED00D2E0EC /* Preview Assets.xcassets */; };
		04DDF2CE23F3D5ED00D2E0EC /* LaunchScreen.storyboard in Resources */ = {isa = PBXBuildFile; fileRef = 04DDF2CC23F3D5ED00D2E0EC /* LaunchScreen.storyboard */; };
		04DDF2D623F3F02F00D2E0EC /* FamousPersons.swift in Sources */ = {isa = PBXBuildFile; fileRef = 04DDF2D523F3F02F00D2E0EC /* FamousPersons.swift */; };
		04DDF2D823F3F06E00D2E0EC /* FamousPersonList.swift in Sources */ = {isa = PBXBuildFile; fileRef = 04DDF2D723F3F06E00D2E0EC /* FamousPersonList.swift */; };
		04DDF2DA23F3F1FF00D2E0EC /* Person.swift in Sources */ = {isa = PBXBuildFile; fileRef = 04DDF2D923F3F1FF00D2E0EC /* Person.swift */; };
		04DDF2DC23F3F66300D2E0EC /* PersonsCollection.swift in Sources */ = {isa = PBXBuildFile; fileRef = 04DDF2DB23F3F66300D2E0EC /* PersonsCollection.swift */; };
		04DDF2DF23F3F9F900D2E0EC /* PersonsCollectionCell.swift in Sources */ = {isa = PBXBuildFile; fileRef = 04DDF2DE23F3F9F900D2E0EC /* PersonsCollectionCell.swift */; };
/* End PBXBuildFile section */

/* Begin PBXFileReference section */
		04DDF2BE23F3D5EB00D2E0EC /* welcome.app */ = {isa = PBXFileReference; explicitFileType = wrapper.application; includeInIndex = 0; path = welcome.app; sourceTree = BUILT_PRODUCTS_DIR; };
		04DDF2C123F3D5EB00D2E0EC /* AppDelegate.swift */ = {isa = PBXFileReference; lastKnownFileType = sourcecode.swift; path = AppDelegate.swift; sourceTree = "<group>"; };
		04DDF2C323F3D5EB00D2E0EC /* SceneDelegate.swift */ = {isa = PBXFileReference; lastKnownFileType = sourcecode.swift; path = SceneDelegate.swift; sourceTree = "<group>"; };
		04DDF2C523F3D5EB00D2E0EC /* ContentView.swift */ = {isa = PBXFileReference; lastKnownFileType = sourcecode.swift; path = ContentView.swift; sourceTree = "<group>"; };
		04DDF2C723F3D5ED00D2E0EC /* Assets.xcassets */ = {isa = PBXFileReference; lastKnownFileType = folder.assetcatalog; path = Assets.xcassets; sourceTree = "<group>"; };
		04DDF2CA23F3D5ED00D2E0EC /* Preview Assets.xcassets */ = {isa = PBXFileReference; lastKnownFileType = folder.assetcatalog; path = "Preview Assets.xcassets"; sourceTree = "<group>"; };
		04DDF2CD23F3D5ED00D2E0EC /* Base */ = {isa = PBXFileReference; lastKnownFileType = file.storyboard; name = Base; path = Base.lproj/LaunchScreen.storyboard; sourceTree = "<group>"; };
		04DDF2CF23F3D5ED00D2E0EC /* Info.plist */ = {isa = PBXFileReference; lastKnownFileType = text.plist.xml; path = Info.plist; sourceTree = "<group>"; };
		04DDF2D523F3F02F00D2E0EC /* FamousPersons.swift */ = {isa = PBXFileReference; lastKnownFileType = sourcecode.swift; path = FamousPersons.swift; sourceTree = "<group>"; };
		04DDF2D723F3F06E00D2E0EC /* FamousPersonList.swift */ = {isa = PBXFileReference; lastKnownFileType = sourcecode.swift; path = FamousPersonList.swift; sourceTree = "<group>"; };
		04DDF2D923F3F1FF00D2E0EC /* Person.swift */ = {isa = PBXFileReference; lastKnownFileType = sourcecode.swift; path = Person.swift; sourceTree = "<group>"; };
		04DDF2DB23F3F66300D2E0EC /* PersonsCollection.swift */ = {isa = PBXFileReference; lastKnownFileType = sourcecode.swift; path = PersonsCollection.swift; sourceTree = "<group>"; };
		04DDF2DE23F3F9F900D2E0EC /* PersonsCollectionCell.swift */ = {isa = PBXFileReference; lastKnownFileType = sourcecode.swift; path = PersonsCollectionCell.swift; sourceTree = "<group>"; };
/* End PBXFileReference section */

/* Begin PBXFrameworksBuildPhase section */
		04DDF2BB23F3D5EA00D2E0EC /* Frameworks */ = {
			isa = PBXFrameworksBuildPhase;
			buildActionMask = 2147483647;
			files = (
			);
			runOnlyForDeploymentPostprocessing = 0;
		};
/* End PBXFrameworksBuildPhase section */

/* Begin PBXGroup section */
		04DDF2B523F3D5EA00D2E0EC = {
			isa = PBXGroup;
			children = (
				04DDF2C023F3D5EB00D2E0EC /* welcome */,
				04DDF2BF23F3D5EB00D2E0EC /* Products */,
			);
			sourceTree = "<group>";
		};
		04DDF2BF23F3D5EB00D2E0EC /* Products */ = {
			isa = PBXGroup;
			children = (
				04DDF2BE23F3D5EB00D2E0EC /* welcome.app */,
			);
			name = Products;
			sourceTree = "<group>";
		};
		04DDF2C023F3D5EB00D2E0EC /* welcome */ = {
			isa = PBXGroup;
			children = (
				04DDF2C123F3D5EB00D2E0EC /* AppDelegate.swift */,
				04DDF2C323F3D5EB00D2E0EC /* SceneDelegate.swift */,
				04DDF2C523F3D5EB00D2E0EC /* ContentView.swift */,
				04DDF2C723F3D5ED00D2E0EC /* Assets.xcassets */,
				04DDF2CC23F3D5ED00D2E0EC /* LaunchScreen.storyboard */,
				04DDF2CF23F3D5ED00D2E0EC /* Info.plist */,
				04DDF2C923F3D5ED00D2E0EC /* Preview Content */,
				04DDF2D523F3F02F00D2E0EC /* FamousPersons.swift */,
				04DDF2D723F3F06E00D2E0EC /* FamousPersonList.swift */,
				04DDF2D923F3F1FF00D2E0EC /* Person.swift */,
				04DDF2DB23F3F66300D2E0EC /* PersonsCollection.swift */,
				04DDF2DE23F3F9F900D2E0EC /* PersonsCollectionCell.swift */,
			);
			path = welcome;
			sourceTree = "<group>";
		};
		04DDF2C923F3D5ED00D2E0EC /* Preview Content */ = {
			isa = PBXGroup;
			children = (
				04DDF2CA23F3D5ED00D2E0EC /* Preview Assets.xcassets */,
			);
			path = "Preview Content";
			sourceTree = "<group>";
		};
/* End PBXGroup section */

/* Begin PBXNativeTarget section */
		04DDF2BD23F3D5EA00D2E0EC /* welcome */ = {
			isa = PBXNativeTarget;
			buildConfigurationList = 04DDF2D223F3D5ED00D2E0EC /* Build configuration list for PBXNativeTarget "welcome" */;
			buildPhases = (
				04DDF2BA23F3D5EA00D2E0EC /* Sources */,
				04DDF2BB23F3D5EA00D2E0EC /* Frameworks */,
				04DDF2BC23F3D5EA00D2E0EC /* Resources */,
			);
			buildRules = (
			);
			dependencies = (
			);
			name = welcome;
			productName = welcome;
			productReference = 04DDF2BE23F3D5EB00D2E0EC /* welcome.app */;
			productType = "com.apple.product-type.application";
		};
/* End PBXNativeTarget section */

/* Begin PBXProject section */
		04DDF2B623F3D5EA00D2E0EC /* Project object */ = {
			isa = PBXProject;
			attributes = {
				LastSwiftUpdateCheck = 1110;
				LastUpgradeCheck = 1110;
				ORGANIZATIONNAME = JaKhushiTai;
				TargetAttributes = {
					04DDF2BD23F3D5EA00D2E0EC = {
						CreatedOnToolsVersion = 11.1;
					};
				};
			};
			buildConfigurationList = 04DDF2B923F3D5EA00D2E0EC /* Build configuration list for PBXProject "welcome" */;
			compatibilityVersion = "Xcode 9.3";
			developmentRegion = en;
			hasScannedForEncodings = 0;
			knownRegions = (
				en,
				Base,
			);
			mainGroup = 04DDF2B523F3D5EA00D2E0EC;
			productRefGroup = 04DDF2BF23F3D5EB00D2E0EC /* Products */;
			projectDirPath = "";
			projectRoot = "";
			targets = (
				04DDF2BD23F3D5EA00D2E0EC /* welcome */,
			);
		};
/* End PBXProject section */

/* Begin PBXResourcesBuildPhase section */
		04DDF2BC23F3D5EA00D2E0EC /* Resources */ = {
			isa = PBXResourcesBuildPhase;
			buildActionMask = 2147483647;
			files = (
				04DDF2CE23F3D5ED00D2E0EC /* LaunchScreen.storyboard in Resources */,
				04DDF2CB23F3D5ED00D2E0EC /* Preview Assets.xcassets in Resources */,
				04DDF2C823F3D5ED00D2E0EC /* Assets.xcassets in Resources */,
			);
			runOnlyForDeploymentPostprocessing = 0;
		};
/* End PBXResourcesBuildPhase section */

/* Begin PBXSourcesBuildPhase section */
		04DDF2BA23F3D5EA00D2E0EC /* Sources */ = {
			isa = PBXSourcesBuildPhase;
			buildActionMask = 2147483647;
			files = (
				04DDF2DA23F3F1FF00D2E0EC /* Person.swift in Sources */,
				04DDF2C223F3D5EB00D2E0EC /* AppDelegate.swift in Sources */,
				04DDF2C423F3D5EB00D2E0EC /* SceneDelegate.swift in Sources */,
				04DDF2D823F3F06E00D2E0EC /* FamousPersonList.swift in Sources */,
				04DDF2DF23F3F9F900D2E0EC /* PersonsCollectionCell.swift in Sources */,
				04DDF2C623F3D5EB00D2E0EC /* ContentView.swift in Sources */,
				04DDF2D623F3F02F00D2E0EC /* FamousPersons.swift in Sources */,
				04DDF2DC23F3F66300D2E0EC /* PersonsCollection.swift in Sources */,
			);
			runOnlyForDeploymentPostprocessing = 0;
		};
/* End PBXSourcesBuildPhase section */

/* Begin PBXVariantGroup section */
		04DDF2CC23F3D5ED00D2E0EC /* LaunchScreen.storyboard */ = {
			isa = PBXVariantGroup;
			children = (
				04DDF2CD23F3D5ED00D2E0EC /* Base */,
			);
			name = LaunchScreen.storyboard;
			sourceTree = "<group>";
		};
/* End PBXVariantGroup section */

/* Begin XCBuildConfiguration section */
		04DDF2D023F3D5ED00D2E0EC /* Debug */ = {
			isa = XCBuildConfiguration;
			buildSettings = {
				ALWAYS_SEARCH_USER_PATHS = NO;
				CLANG_ANALYZER_NONNULL = YES;
				CLANG_ANALYZER_NUMBER_OBJECT_CONVERSION = YES_AGGRESSIVE;
				CLANG_CXX_LANGUAGE_STANDARD = "gnu++14";
				CLANG_CXX_LIBRARY = "libc++";
				CLANG_ENABLE_MODULES = YES;
				CLANG_ENABLE_OBJC_ARC = YES;
				CLANG_ENABLE_OBJC_WEAK = YES;
				CLANG_WARN_BLOCK_CAPTURE_AUTORELEASING = YES;
				CLANG_WARN_BOOL_CONVERSION = YES;
				CLANG_WARN_COMMA = YES;
				CLANG_WARN_CONSTANT_CONVERSION = YES;
				CLANG_WARN_DEPRECATED_OBJC_IMPLEMENTATIONS = YES;
				CLANG_WARN_DIRECT_OBJC_ISA_USAGE = YES_ERROR;
				CLANG_WARN_DOCUMENTATION_COMMENTS = YES;
				CLANG_WARN_EMPTY_BODY = YES;
				CLANG_WARN_ENUM_CONVERSION = YES;
				CLANG_WARN_INFINITE_RECURSION = YES;
				CLANG_WARN_INT_CONVERSION = YES;
				CLANG_WARN_NON_LITERAL_NULL_CONVERSION = YES;
				CLANG_WARN_OBJC_IMPLICIT_RETAIN_SELF = YES;
				CLANG_WARN_OBJC_LITERAL_CONVERSION = YES;
				CLANG_WARN_OBJC_ROOT_CLASS = YES_ERROR;
				CLANG_WARN_RANGE_LOOP_ANALYSIS = YES;
				CLANG_WARN_STRICT_PROTOTYPES = YES;
				CLANG_WARN_SUSPICIOUS_MOVE = YES;
				CLANG_WARN_UNGUARDED_AVAILABILITY = YES_AGGRESSIVE;
				CLANG_WARN_UNREACHABLE_CODE = YES;
				CLANG_WARN__DUPLICATE_METHOD_MATCH = YES;
				COPY_PHASE_STRIP = NO;
				DEBUG_INFORMATION_FORMAT = dwarf;
				ENABLE_STRICT_OBJC_MSGSEND = YES;
				ENABLE_TESTABILITY = YES;
				GCC_C_LANGUAGE_STANDARD = gnu11;
				GCC_DYNAMIC_NO_PIC = NO;
				GCC_NO_COMMON_BLOCKS = YES;
				GCC_OPTIMIZATION_LEVEL = 0;
				GCC_PREPROCESSOR_DEFINITIONS = (
					"DEBUG=1",
					"$(inherited)",
				);
				GCC_WARN_64_TO_32_BIT_CONVERSION = YES;
				GCC_WARN_ABOUT_RETURN_TYPE = YES_ERROR;
				GCC_WARN_UNDECLARED_SELECTOR = YES;
				GCC_WARN_UNINITIALIZED_AUTOS = YES_AGGRESSIVE;
				GCC_WARN_UNUSED_FUNCTION = YES;
				GCC_WARN_UNUSED_VARIABLE = YES;
				IPHONEOS_DEPLOYMENT_TARGET = 13.1;
				MTL_ENABLE_DEBUG_INFO = INCLUDE_SOURCE;
				MTL_FAST_MATH = YES;
				ONLY_ACTIVE_ARCH = YES;
				SDKROOT = iphoneos;
				SWIFT_ACTIVE_COMPILATION_CONDITIONS = DEBUG;
				SWIFT_OPTIMIZATION_LEVEL = "-Onone";
			};
			name = Debug;
		};
		04DDF2D123F3D5ED00D2E0EC /* Release */ = {
			isa = XCBuildConfiguration;
			buildSettings = {
				ALWAYS_SEARCH_USER_PATHS = NO;
				CLANG_ANALYZER_NONNULL = YES;
				CLANG_ANALYZER_NUMBER_OBJECT_CONVERSION = YES_AGGRESSIVE;
				CLANG_CXX_LANGUAGE_STANDARD = "gnu++14";
				CLANG_CXX_LIBRARY = "libc++";
				CLANG_ENABLE_MODULES = YES;
				CLANG_ENABLE_OBJC_ARC = YES;
				CLANG_ENABLE_OBJC_WEAK = YES;
				CLANG_WARN_BLOCK_CAPTURE_AUTORELEASING = YES;
				CLANG_WARN_BOOL_CONVERSION = YES;
				CLANG_WARN_COMMA = YES;
				CLANG_WARN_CONSTANT_CONVERSION = YES;
				CLANG_WARN_DEPRECATED_OBJC_IMPLEMENTATIONS = YES;
				CLANG_WARN_DIRECT_OBJC_ISA_USAGE = YES_ERROR;
				CLANG_WARN_DOCUMENTATION_COMMENTS = YES;
				CLANG_WARN_EMPTY_BODY = YES;
				CLANG_WARN_ENUM_CONVERSION = YES;
				CLANG_WARN_INFINITE_RECURSION = YES;
				CLANG_WARN_INT_CONVERSION = YES;
				CLANG_WARN_NON_LITERAL_NULL_CONVERSION = YES;
				CLANG_WARN_OBJC_IMPLICIT_RETAIN_SELF = YES;
				CLANG_WARN_OBJC_LITERAL_CONVERSION = YES;
				CLANG_WARN_OBJC_ROOT_CLASS = YES_ERROR;
				CLANG_WARN_RANGE_LOOP_ANALYSIS = YES;
				CLANG_WARN_STRICT_PROTOTYPES = YES;
				CLANG_WARN_SUSPICIOUS_MOVE = YES;
				CLANG_WARN_UNGUARDED_AVAILABILITY = YES_AGGRESSIVE;
				CLANG_WARN_UNREACHABLE_CODE = YES;
				CLANG_WARN__DUPLICATE_METHOD_MATCH = YES;
				COPY_PHASE_STRIP = NO;
				DEBUG_INFORMATION_FORMAT = "dwarf-with-dsym";
				ENABLE_NS_ASSERTIONS = NO;
				ENABLE_STRICT_OBJC_MSGSEND = YES;
				GCC_C_LANGUAGE_STANDARD = gnu11;
				GCC_NO_COMMON_BLOCKS = YES;
				GCC_WARN_64_TO_32_BIT_CONVERSION = YES;
				GCC_WARN_ABOUT_RETURN_TYPE = YES_ERROR;
				GCC_WARN_UNDECLARED_SELECTOR = YES;
				GCC_WARN_UNINITIALIZED_AUTOS = YES_AGGRESSIVE;
				GCC_WARN_UNUSED_FUNCTION = YES;
				GCC_WARN_UNUSED_VARIABLE = YES;
				IPHONEOS_DEPLOYMENT_TARGET = 13.1;
				MTL_ENABLE_DEBUG_INFO = NO;
				MTL_FAST_MATH = YES;
				SDKROOT = iphoneos;
				SWIFT_COMPILATION_MODE = wholemodule;
				SWIFT_OPTIMIZATION_LEVEL = "-O";
				VALIDATE_PRODUCT = YES;
			};
			name = Release;
		};
		04DDF2D323F3D5ED00D2E0EC /* Debug */ = {
			isa = XCBuildConfiguration;
			buildSettings = {
				ASSETCATALOG_COMPILER_APPICON_NAME = AppIcon;
				CODE_SIGN_STYLE = Automatic;
				DEVELOPMENT_ASSET_PATHS = "\"welcome/Preview Content\"";
				ENABLE_PREVIEWS = YES;
				INFOPLIST_FILE = welcome/Info.plist;
				LD_RUNPATH_SEARCH_PATHS = (
					"$(inherited)",
					"@executable_path/Frameworks",
				);
				PRODUCT_BUNDLE_IDENTIFIER = JaKhushiTai.welcome;
				PRODUCT_NAME = "$(TARGET_NAME)";
				SWIFT_VERSION = 5.0;
				TARGETED_DEVICE_FAMILY = "1,2";
			};
			name = Debug;
		};
		04DDF2D423F3D5ED00D2E0EC /* Release */ = {
			isa = XCBuildConfiguration;
			buildSettings = {
				ASSETCATALOG_COMPILER_APPICON_NAME = AppIcon;
				CODE_SIGN_STYLE = Automatic;
				DEVELOPMENT_ASSET_PATHS = "\"welcome/Preview Content\"";
				ENABLE_PREVIEWS = YES;
				INFOPLIST_FILE = welcome/Info.plist;
				LD_RUNPATH_SEARCH_PATHS = (
					"$(inherited)",
					"@executable_path/Frameworks",
				);
				PRODUCT_BUNDLE_IDENTIFIER = JaKhushiTai.welcome;
				PRODUCT_NAME = "$(TARGET_NAME)";
				SWIFT_VERSION = 5.0;
				TARGETED_DEVICE_FAMILY = "1,2";
			};
			name = Release;
		};
/* End XCBuildConfiguration section */

/* Begin XCConfigurationList section */
		04DDF2B923F3D5EA00D2E0EC /* Build configuration list for PBXProject "welcome" */ = {
			isa = XCConfigurationList;
			buildConfigurations = (
				04DDF2D023F3D5ED00D2E0EC /* Debug */,
				04DDF2D123F3D5ED00D2E0EC /* Release */,
			);
			defaultConfigurationIsVisible = 0;
			defaultConfigurationName = Release;
		};
		04DDF2D223F3D5ED00D2E0EC /* Build configuration list for PBXNativeTarget "welcome" */ = {
			isa = XCConfigurationList;
			buildConfigurations = (
				04DDF2D323F3D5ED00D2E0EC /* Debug */,
				04DDF2D423F3D5ED00D2E0EC /* Release */,
			);
			defaultConfigurationIsVisible = 0;
			defaultConfigurationName = Release;
		};
/* End XCConfigurationList section */
	};
	rootObject = 04DDF2B623F3D5EA00D2E0EC /* Project object */;
}
